
Microsoft Visual Studio Solution File, Format Version 12.00
# Visual Studio Version 17
VisualStudioVersion = 17.14.36221.1 d17.14
MinimumVisualStudioVersion = 10.0.40219.1
Project("{FAE04EC0-301F-11D3-BF4B-00C04F79EFBC}") = "ServiceNowTicketHelper", "ServiceNowTicketHelper\ServiceNowTicketHelper.csproj", "{CDF24F4D-289D-4F85-A2FC-2DAD5604C40F}"
EndProject
Global
	GlobalSection(SolutionConfigurationPlatforms) = preSolution
		Debug|Any CPU = Debug|Any CPU
		Release|Any CPU = Release|Any CPU
	EndGlobalSection
	GlobalSection(ProjectConfigurationPlatforms) = postSolution
		{CDF24F4D-289D-4F85-A2FC-2DAD5604C40F}.Debug|Any CPU.ActiveCfg = Debug|Any CPU
		{CDF24F4D-289D-4F85-A2FC-2DAD5604C40F}.Debug|Any CPU.Build.0 = Debug|Any CPU
		{CDF24F4D-289D-4F85-A2FC-2DAD5604C40F}.Release|Any CPU.ActiveCfg = Release|Any CPU
		{CDF24F4D-289D-4F85-A2FC-2DAD5604C40F}.Release|Any CPU.Build.0 = Release|Any CPU
	EndGlobalSection
	GlobalSection(SolutionProperties) = preSolution
		HideSolutionNode = FALSE
	EndGlobalSection
	GlobalSection(ExtensibilityGlobals) = postSolution
		SolutionGuid = {E0FE4079-0E2A-457D-AE69-CF123B3009A0}
	EndGlobalSection
EndGlobal
